
Microsoft Visual Studio Solution File, Format Version 12.00
# Visual Studio Version 16
VisualStudioVersion = 16.0.31702.278
MinimumVisualStudioVersion = 10.0.40219.1
Project("{9A19103F-16F7-4668-BE54-9A1E7A4F7556}") = "Task2", "Task2.csproj", "{DDD2780F-CDB6-4AB3-8920-79CFCED74AC0}"
EndProject
Project("{FAE04EC0-301F-11D3-BF4B-00C04F79EFBC}") = "Task3", "..\Task3\Task3.csproj", "{DD6B460F-6A56-4D55-B794-7A17CF9F60FF}"
EndProject
Global
	GlobalSection(SolutionConfigurationPlatforms) = preSolution
		Debug|Any CPU = Debug|Any CPU
		Release|Any CPU = Release|Any CPU
	EndGlobalSection
	GlobalSection(ProjectConfigurationPlatforms) = postSolution
		{DDD2780F-CDB6-4AB3-8920-79CFCED74AC0}.Debug|Any CPU.ActiveCfg = Debug|Any CPU
		{DDD2780F-CDB6-4AB3-8920-79CFCED74AC0}.Debug|Any CPU.Build.0 = Debug|Any CPU
		{DDD2780F-CDB6-4AB3-8920-79CFCED74AC0}.Release|Any CPU.ActiveCfg = Release|Any CPU
		{DDD2780F-CDB6-4AB3-8920-79CFCED74AC0}.Release|Any CPU.Build.0 = Release|Any CPU
		{DD6B460F-6A56-4D55-B794-7A17CF9F60FF}.Debug|Any CPU.ActiveCfg = Debug|Any CPU
		{DD6B460F-6A56-4D55-B794-7A17CF9F60FF}.Debug|Any CPU.Build.0 = Debug|Any CPU
		{DD6B460F-6A56-4D55-B794-7A17CF9F60FF}.Release|Any CPU.ActiveCfg = Release|Any CPU
		{DD6B460F-6A56-4D55-B794-7A17CF9F60FF}.Release|Any CPU.Build.0 = Release|Any CPU
	EndGlobalSection
	GlobalSection(SolutionProperties) = preSolution
		HideSolutionNode = FALSE
	EndGlobalSection
	GlobalSection(ExtensibilityGlobals) = postSolution
		SolutionGuid = {7BBEC834-A3E8-4017-B3B9-B0E8342AF9E3}
	EndGlobalSection
EndGlobal
